lockfileVersion: '9.0'

settings:
  autoInstallPeers: true
  excludeLinksFromLockfile: false

importers:

  .:
    dependencies:
      modern-ahocorasick:
        specifier: ^2.0.2
        version: 2.0.4

packages:

  modern-ahocorasick@2.0.4:
    resolution: {integrity: sha512-EFe312CXjDE8/nXOJk/LpzPUTNXzFTZCWazQ6rntodIByicqKg9wSqjBSQt1alcTdzwEbMyeTPXnvw9BIxyiRg==}

snapshots:

  modern-ahocorasick@2.0.4: {}
