lockfileVersion: '9.0'

settings:
  autoInstallPeers: true
  excludeLinksFromLockfile: false

importers:

  .:
    dependencies:
      modern-ahocorasick:
        specifier: ^2.0.2
        version: 2.0.3

packages:

  modern-ahocorasick@2.0.3:
    resolution: {integrity: sha512-3vsbnf5DmpsaE8Ye892HecJU7kaT2svsIBXNhne1J080WlU9RKjTtE5PgX+OCc2huqGqGYO+rVEsJlJJuQj+Qw==}

snapshots:

  modern-ahocorasick@2.0.3: {}
