lockfileVersion: '9.0'

settings:
  autoInstallPeers: true
  excludeLinksFromLockfile: false

importers:

  .:
    dependencies:
      modern-ahocorasick:
        specifier: ^2.0.2
        version: 2.0.2

packages:

  modern-ahocorasick@2.0.2:
    resolution: {integrity: sha512-qMPR7bQNCcQ258O1yNFvk6f9CQMT6AFIz0Sg6GbRIRcPFNsKYe1XTKGG8O/6oQu9yJiu7tFMqUiQ5c0B/zc5lQ==}

snapshots:

  modern-ahocorasick@2.0.2: {}
